
Microsoft Visual Studio Solution File, Format Version 12.00
# Visual Studio Version 16
VisualStudioVersion = 16.0.30320.27
MinimumVisualStudioVersion = 10.0.40219.1
Project("{8BC9CEB8-8B4A-11D0-8D11-00A0C91BC942}") = "GGAParser", "GGAParser\GGAParser.vcxproj", "{69251B0D-6393-4E0B-8671-F1EEB9C0B923}"
EndProject
Global
	GlobalSection(SolutionConfigurationPlatforms) = preSolution
		Debug|x64 = Debug|x64
		Debug|x86 = Debug|x86
		Release|x64 = Release|x64
		Release|x86 = Release|x86
	EndGlobalSection
	GlobalSection(ProjectConfigurationPlatforms) = postSolution
		{69251B0D-6393-4E0B-8671-F1EEB9C0B923}.Debug|x64.ActiveCfg = Debug|x64
		{69251B0D-6393-4E0B-8671-F1EEB9C0B923}.Debug|x64.Build.0 = Debug|x64
		{69251B0D-6393-4E0B-8671-F1EEB9C0B923}.Debug|x86.ActiveCfg = Debug|Win32
		{69251B0D-6393-4E0B-8671-F1EEB9C0B923}.Debug|x86.Build.0 = Debug|Win32
		{69251B0D-6393-4E0B-8671-F1EEB9C0B923}.Release|x64.ActiveCfg = Release|x64
		{69251B0D-6393-4E0B-8671-F1EEB9C0B923}.Release|x64.Build.0 = Release|x64
		{69251B0D-6393-4E0B-8671-F1EEB9C0B923}.Release|x86.ActiveCfg = Release|Win32
		{69251B0D-6393-4E0B-8671-F1EEB9C0B923}.Release|x86.Build.0 = Release|Win32
	EndGlobalSection
	GlobalSection(SolutionProperties) = preSolution
		HideSolutionNode = FALSE
	EndGlobalSection
	GlobalSection(ExtensibilityGlobals) = postSolution
		SolutionGuid = {0BE29DC5-CE22-49FD-AB9A-538A76DBB574}
	EndGlobalSection
EndGlobal
